
Microsoft Visual Studio Solution File, Format Version 12.00
# Visual Studio 14
VisualStudioVersion = 14.0.24720.0
MinimumVisualStudioVersion = 10.0.40219.1
Project("{FAE04EC0-301F-11D3-BF4B-00C04F79EFBC}") = "SimpleCrawler", "SimpleCrawler\SimpleCrawler.csproj", "{9B0BAA0B-EBC6-4B73-9EAA-9E1D3294532A}"
EndProject
Project("{FAE04EC0-301F-11D3-BF4B-00C04F79EFBC}") = "TestOfStringSplit", "TestOfStringSplit\TestOfStringSplit.csproj", "{88CD2473-1E3D-48F8-A784-F4DE517B4664}"
EndProject
Global
	GlobalSection(SolutionConfigurationPlatforms) = preSolution
		Debug|Any CPU = Debug|Any CPU
		Release|Any CPU = Release|Any CPU
	EndGlobalSection
	GlobalSection(ProjectConfigurationPlatforms) = postSolution
		{9B0BAA0B-EBC6-4B73-9EAA-9E1D3294532A}.Debug|Any CPU.ActiveCfg = Debug|Any CPU
		{9B0BAA0B-EBC6-4B73-9EAA-9E1D3294532A}.Debug|Any CPU.Build.0 = Debug|Any CPU
		{9B0BAA0B-EBC6-4B73-9EAA-9E1D3294532A}.Release|Any CPU.ActiveCfg = Release|Any CPU
		{9B0BAA0B-EBC6-4B73-9EAA-9E1D3294532A}.Release|Any CPU.Build.0 = Release|Any CPU
		{88CD2473-1E3D-48F8-A784-F4DE517B4664}.Debug|Any CPU.ActiveCfg = Debug|Any CPU
		{88CD2473-1E3D-48F8-A784-F4DE517B4664}.Debug|Any CPU.Build.0 = Debug|Any CPU
		{88CD2473-1E3D-48F8-A784-F4DE517B4664}.Release|Any CPU.ActiveCfg = Release|Any CPU
		{88CD2473-1E3D-48F8-A784-F4DE517B4664}.Release|Any CPU.Build.0 = Release|Any CPU
	EndGlobalSection
	GlobalSection(SolutionProperties) = preSolution
		HideSolutionNode = FALSE
	EndGlobalSection
EndGlobal
